<?xml version="1.0" encoding="UTF-8"?>
<Scheme
   LastUpgradeVersion = "1430"
   version = "1.7">
   <BuildAction
      parallelizeBuildables = "YES"
      buildImplicitDependencies = "YES"
      runPostActionsOnFailure = "NO">
      <BuildActionEntries>
         <BuildActionEntry
            buildForTesting = "YES"
            buildForRunning = "YES"
            buildForProfiling = "YES"
            buildForArchiving = "YES"
            buildForAnalyzing = "YES">
            <BuildableReference
               BuildableIdentifier = "primary"
               BlueprintIdentifier = "D3CF8F72BE8BAB2E931C9962"
               BuildableName = "XanhIOS.app"
               BlueprintName = "XanhIOS"
               ReferencedContainer = "container:XanhIOS.xcodeproj">
            </BuildableReference>
         </BuildActionEntry>
         <BuildActionEntry
            buildForTesting = "YES"
            buildForRunning = "NO"
            buildForProfiling = "NO"
            buildForArchiving = "NO"
            buildForAnalyzing = "NO">
            <BuildableReference
               BuildableIdentifier = "primary"
               BlueprintIdentifier = "F715BF36937BE01A61EBF61D"
               BuildableName = "XanhIOSTests.xctest"
               BlueprintName = "XanhIOSTests"
               ReferencedContainer = "container:XanhIOS.xcodeproj">
            </BuildableReference>
         </BuildActionEntry>
      </BuildActionEntries>
   </BuildAction>
   <TestAction
      buildConfiguration = "Debug"
      selectedDebuggerIdentifier = "Xcode.DebuggerFoundation.Debugger.LLDB"
      selectedLauncherIdentifier = "Xcode.DebuggerFoundation.Launcher.LLDB"
      shouldUseLaunchSchemeArgsEnv = "NO"
      onlyGenerateCoverageForSpecifiedTargets = "NO">
      <MacroExpansion>
         <BuildableReference
            BuildableIdentifier = "primary"
            BlueprintIdentifier = "D3CF8F72BE8BAB2E931C9962"
            BuildableName = "XanhIOS.app"
            BlueprintName = "XanhIOS"
            ReferencedContainer = "container:XanhIOS.xcodeproj">
         </BuildableReference>
      </MacroExpansion>
      <Testables>
         <TestableReference
            skipped = "NO"
            parallelizable = "NO">
            <BuildableReference
               BuildableIdentifier = "primary"
               BlueprintIdentifier = "F715BF36937BE01A61EBF61D"
               BuildableName = "XanhIOSTests.xctest"
               BlueprintName = "XanhIOSTests"
               ReferencedContainer = "container:XanhIOS.xcodeproj">
            </BuildableReference>
         </TestableReference>
         <TestableReference
            skipped = "NO"
            parallelizable = "NO">
            <BuildableReference
               BuildableIdentifier = "primary"
               BlueprintIdentifier = "D6F8F41FE570F81FAD060E59"
               BuildableName = "XanhIOSUITests.xctest"
               BlueprintName = "XanhIOSUITests"
               ReferencedContainer = "container:XanhIOS.xcodeproj">
            </BuildableReference>
         </TestableReference>
      </Testables>
      <CommandLineArguments>
      </CommandLineArguments>
      <EnvironmentVariables>
         <EnvironmentVariable
            key = "XANH_BLOCKER_ARTIFACT_DIRECTORY"
            value = "$(XANH_BLOCKER_ARTIFACT_DIRECTORY)"
            isEnabled = "YES">
         </EnvironmentVariable>
         <EnvironmentVariable
            key = "XANH_BLOCKER_MANIFEST"
            value = "$(XANH_BLOCKER_MANIFEST)"
            isEnabled = "YES">
         </EnvironmentVariable>
         <EnvironmentVariable
            key = "XANH_BLOCKER_PUBLIC_KEY_BASE64"
            value = "$(XANH_BLOCKER_PUBLIC_KEY_BASE64)"
            isEnabled = "YES">
         </EnvironmentVariable>
         <EnvironmentVariable
            key = "XANH_CAPTURE_MEDIA"
            value = "$(XANH_CAPTURE_MEDIA)"
            isEnabled = "YES">
         </EnvironmentVariable>
         <EnvironmentVariable
            key = "XANH_RULE_ARTIFACT_DIRECTORY"
            value = "$(XANH_RULE_ARTIFACT_DIRECTORY)"
            isEnabled = "YES">
         </EnvironmentVariable>
      </EnvironmentVariables>
   </TestAction>
   <LaunchAction
      buildConfiguration = "Debug"
      selectedDebuggerIdentifier = "Xcode.DebuggerFoundation.Debugger.LLDB"
      selectedLauncherIdentifier = "Xcode.DebuggerFoundation.Launcher.LLDB"
      launchStyle = "0"
      useCustomWorkingDirectory = "NO"
      ignoresPersistentStateOnLaunch = "NO"
      debugDocumentVersioning = "YES"
      debugServiceExtension = "internal"
      allowLocationSimulation = "YES">
      <BuildableProductRunnable
         runnableDebuggingMode = "0">
         <BuildableReference
            BuildableIdentifier = "primary"
            BlueprintIdentifier = "D3CF8F72BE8BAB2E931C9962"
            BuildableName = "XanhIOS.app"
            BlueprintName = "XanhIOS"
            ReferencedContainer = "container:XanhIOS.xcodeproj">
         </BuildableReference>
      </BuildableProductRunnable>
   </LaunchAction>
   <ProfileAction
      buildConfiguration = "Release"
      shouldUseLaunchSchemeArgsEnv = "YES"
      savedToolIdentifier = ""
      useCustomWorkingDirectory = "NO"
      debugDocumentVersioning = "YES">
      <BuildableProductRunnable
         runnableDebuggingMode = "0">
         <BuildableReference
            BuildableIdentifier = "primary"
            BlueprintIdentifier = "D3CF8F72BE8BAB2E931C9962"
            BuildableName = "XanhIOS.app"
            BlueprintName = "XanhIOS"
            ReferencedContainer = "container:XanhIOS.xcodeproj">
         </BuildableReference>
      </BuildableProductRunnable>
   </ProfileAction>
   <AnalyzeAction
      buildConfiguration = "Debug">
   </AnalyzeAction>
   <ArchiveAction
      buildConfiguration = "Release"
      revealArchiveInOrganizer = "YES">
   </ArchiveAction>
</Scheme>
